{
  "pins" : [
    {
      "identity" : "sdkpay-static",
      "kind" : "remoteSourceControl",
      "location" : "https://github.com/sdkpay/sdkpay-static",
      "state" : {
        "revision" : "de783aa17c3fed2dd87a80b133105b0975b207ef",
        "version" : "2.2.0"
      }
    }
  ],
  "version" : 2
}
