{
  "pins" : [
    {
      "identity" : "sdkpay-static",
      "kind" : "remoteSourceControl",
      "location" : "https://github.com/sdkpay/sdkpay-static",
      "state" : {
        "revision" : "efb9da34713b50c80d28233e38e87d023fb69875",
        "version" : "2.1.2"
      }
    }
  ],
  "version" : 2
}
